
Microsoft Visual Studio Solution File, Format Version 12.00
# Visual Studio Version 17
VisualStudioVersion = 17.9.34723.18
MinimumVisualStudioVersion = 10.0.40219.1
Project("{FAE04EC0-301F-11D3-BF4B-00C04F79EFBC}") = "Task1", "Task1\Task1.csproj", "{5B587A08-8A77-41FC-BAC0-FEA5E515C6A5}"
EndProject
Project("{FAE04EC0-301F-11D3-BF4B-00C04F79EFBC}") = "Task2", "Task2\Task2.csproj", "{EF184ABF-03BF-4993-ABCE-442EE49D68F0}"
EndProject
Project("{FAE04EC0-301F-11D3-BF4B-00C04F79EFBC}") = "Task3", "Task3\Task3.csproj", "{4ABD0107-AA89-420D-BF23-26B6D1475B1A}"
EndProject
Project("{FAE04EC0-301F-11D3-BF4B-00C04F79EFBC}") = "Task4", "Task4\Task4.csproj", "{7005F868-72B2-4BB4-B695-BD402121D927}"
EndProject
Project("{FAE04EC0-301F-11D3-BF4B-00C04F79EFBC}") = "Task5", "Task5\Task5.csproj", "{B51BF38D-4FAE-4233-AA50-475F31B4EF30}"
EndProject
Global
	GlobalSection(SolutionConfigurationPlatforms) = preSolution
		Debug|Any CPU = Debug|Any CPU
		Release|Any CPU = Release|Any CPU
	EndGlobalSection
	GlobalSection(ProjectConfigurationPlatforms) = postSolution
		{5B587A08-8A77-41FC-BAC0-FEA5E515C6A5}.Debug|Any CPU.ActiveCfg = Debug|Any CPU
		{5B587A08-8A77-41FC-BAC0-FEA5E515C6A5}.Debug|Any CPU.Build.0 = Debug|Any CPU
		{5B587A08-8A77-41FC-BAC0-FEA5E515C6A5}.Release|Any CPU.ActiveCfg = Release|Any CPU
		{5B587A08-8A77-41FC-BAC0-FEA5E515C6A5}.Release|Any CPU.Build.0 = Release|Any CPU
		{EF184ABF-03BF-4993-ABCE-442EE49D68F0}.Debug|Any CPU.ActiveCfg = Debug|Any CPU
		{EF184ABF-03BF-4993-ABCE-442EE49D68F0}.Debug|Any CPU.Build.0 = Debug|Any CPU
		{EF184ABF-03BF-4993-ABCE-442EE49D68F0}.Release|Any CPU.ActiveCfg = Release|Any CPU
		{EF184ABF-03BF-4993-ABCE-442EE49D68F0}.Release|Any CPU.Build.0 = Release|Any CPU
		{4ABD0107-AA89-420D-BF23-26B6D1475B1A}.Debug|Any CPU.ActiveCfg = Debug|Any CPU
		{4ABD0107-AA89-420D-BF23-26B6D1475B1A}.Debug|Any CPU.Build.0 = Debug|Any CPU
		{4ABD0107-AA89-420D-BF23-26B6D1475B1A}.Release|Any CPU.ActiveCfg = Release|Any CPU
		{4ABD0107-AA89-420D-BF23-26B6D1475B1A}.Release|Any CPU.Build.0 = Release|Any CPU
		{7005F868-72B2-4BB4-B695-BD402121D927}.Debug|Any CPU.ActiveCfg = Debug|Any CPU
		{7005F868-72B2-4BB4-B695-BD402121D927}.Debug|Any CPU.Build.0 = Debug|Any CPU
		{7005F868-72B2-4BB4-B695-BD402121D927}.Release|Any CPU.ActiveCfg = Release|Any CPU
		{7005F868-72B2-4BB4-B695-BD402121D927}.Release|Any CPU.Build.0 = Release|Any CPU
		{B51BF38D-4FAE-4233-AA50-475F31B4EF30}.Debug|Any CPU.ActiveCfg = Debug|Any CPU
		{B51BF38D-4FAE-4233-AA50-475F31B4EF30}.Debug|Any CPU.Build.0 = Debug|Any CPU
		{B51BF38D-4FAE-4233-AA50-475F31B4EF30}.Release|Any CPU.ActiveCfg = Release|Any CPU
		{B51BF38D-4FAE-4233-AA50-475F31B4EF30}.Release|Any CPU.Build.0 = Release|Any CPU
	EndGlobalSection
	GlobalSection(SolutionProperties) = preSolution
		HideSolutionNode = FALSE
	EndGlobalSection
	GlobalSection(ExtensibilityGlobals) = postSolution
		SolutionGuid = {1E5E6467-835F-4244-AD76-DF9E2BFDDDA3}
	EndGlobalSection
EndGlobal
