
Microsoft Visual Studio Solution File, Format Version 12.00
# Visual Studio Version 16
VisualStudioVersion = 16.0.34729.46
MinimumVisualStudioVersion = 10.0.40219.1
Project("{FAE04EC0-301F-11D3-BF4B-00C04F79EFBC}") = "Task1", "Task1\Task1.csproj", "{2A71C104-845E-4DE8-B123-6177813606CC}"
EndProject
Project("{FAE04EC0-301F-11D3-BF4B-00C04F79EFBC}") = "Task2", "Task2\Task2.csproj", "{899F5F14-AB87-4E88-BCA5-0EB35F09630E}"
EndProject
Project("{FAE04EC0-301F-11D3-BF4B-00C04F79EFBC}") = "Task3", "Task3\Task3.csproj", "{C8422C3C-62CE-4343-BEC4-FE32FF0C21A6}"
EndProject
Project("{FAE04EC0-301F-11D3-BF4B-00C04F79EFBC}") = "Task4", "Task4\Task4.csproj", "{3B93774F-3A0E-45EF-A09D-70F910AB81D7}"
EndProject
Project("{FAE04EC0-301F-11D3-BF4B-00C04F79EFBC}") = "Task5", "Task5\Task5.csproj", "{D6FF38CB-D5F0-4FDB-B479-32152EB72827}"
EndProject
Global
	GlobalSection(SolutionConfigurationPlatforms) = preSolution
		Debug|Any CPU = Debug|Any CPU
		Release|Any CPU = Release|Any CPU
	EndGlobalSection
	GlobalSection(ProjectConfigurationPlatforms) = postSolution
		{2A71C104-845E-4DE8-B123-6177813606CC}.Debug|Any CPU.ActiveCfg = Debug|Any CPU
		{2A71C104-845E-4DE8-B123-6177813606CC}.Debug|Any CPU.Build.0 = Debug|Any CPU
		{2A71C104-845E-4DE8-B123-6177813606CC}.Release|Any CPU.ActiveCfg = Release|Any CPU
		{2A71C104-845E-4DE8-B123-6177813606CC}.Release|Any CPU.Build.0 = Release|Any CPU
		{899F5F14-AB87-4E88-BCA5-0EB35F09630E}.Debug|Any CPU.ActiveCfg = Debug|Any CPU
		{899F5F14-AB87-4E88-BCA5-0EB35F09630E}.Debug|Any CPU.Build.0 = Debug|Any CPU
		{899F5F14-AB87-4E88-BCA5-0EB35F09630E}.Release|Any CPU.ActiveCfg = Release|Any CPU
		{899F5F14-AB87-4E88-BCA5-0EB35F09630E}.Release|Any CPU.Build.0 = Release|Any CPU
		{C8422C3C-62CE-4343-BEC4-FE32FF0C21A6}.Debug|Any CPU.ActiveCfg = Debug|Any CPU
		{C8422C3C-62CE-4343-BEC4-FE32FF0C21A6}.Debug|Any CPU.Build.0 = Debug|Any CPU
		{C8422C3C-62CE-4343-BEC4-FE32FF0C21A6}.Release|Any CPU.ActiveCfg = Release|Any CPU
		{C8422C3C-62CE-4343-BEC4-FE32FF0C21A6}.Release|Any CPU.Build.0 = Release|Any CPU
		{3B93774F-3A0E-45EF-A09D-70F910AB81D7}.Debug|Any CPU.ActiveCfg = Debug|Any CPU
		{3B93774F-3A0E-45EF-A09D-70F910AB81D7}.Debug|Any CPU.Build.0 = Debug|Any CPU
		{3B93774F-3A0E-45EF-A09D-70F910AB81D7}.Release|Any CPU.ActiveCfg = Release|Any CPU
		{3B93774F-3A0E-45EF-A09D-70F910AB81D7}.Release|Any CPU.Build.0 = Release|Any CPU
		{D6FF38CB-D5F0-4FDB-B479-32152EB72827}.Debug|Any CPU.ActiveCfg = Debug|Any CPU
		{D6FF38CB-D5F0-4FDB-B479-32152EB72827}.Debug|Any CPU.Build.0 = Debug|Any CPU
		{D6FF38CB-D5F0-4FDB-B479-32152EB72827}.Release|Any CPU.ActiveCfg = Release|Any CPU
		{D6FF38CB-D5F0-4FDB-B479-32152EB72827}.Release|Any CPU.Build.0 = Release|Any CPU
	EndGlobalSection
	GlobalSection(SolutionProperties) = preSolution
		HideSolutionNode = FALSE
	EndGlobalSection
	GlobalSection(ExtensibilityGlobals) = postSolution
		SolutionGuid = {BAF376DF-30D1-45A1-A66D-B81453A25298}
	EndGlobalSection
EndGlobal
