
Microsoft Visual Studio Solution File, Format Version 12.00
# Visual Studio Version 17
VisualStudioVersion = 17.9.34723.18
MinimumVisualStudioVersion = 10.0.40219.1
Project("{FAE04EC0-301F-11D3-BF4B-00C04F79EFBC}") = "Task1", "Task1\Task1.csproj", "{352D94EA-7F29-414A-9FA9-F1E4B3FD7C07}"
EndProject
Project("{FAE04EC0-301F-11D3-BF4B-00C04F79EFBC}") = "Task2", "Task2\Task2.csproj", "{0D5CCE92-5398-4CEA-9F08-401902C9E881}"
EndProject
Project("{FAE04EC0-301F-11D3-BF4B-00C04F79EFBC}") = "Task3", "Task3\Task3.csproj", "{F9DBC037-1898-4B73-8B12-52A9EF70693B}"
EndProject
Project("{FAE04EC0-301F-11D3-BF4B-00C04F79EFBC}") = "Task4", "Task4\Task4.csproj", "{7EAF8EE5-B8CE-46D7-B797-224C76E7B748}"
EndProject
Global
	GlobalSection(SolutionConfigurationPlatforms) = preSolution
		Debug|Any CPU = Debug|Any CPU
		Release|Any CPU = Release|Any CPU
	EndGlobalSection
	GlobalSection(ProjectConfigurationPlatforms) = postSolution
		{352D94EA-7F29-414A-9FA9-F1E4B3FD7C07}.Debug|Any CPU.ActiveCfg = Debug|Any CPU
		{352D94EA-7F29-414A-9FA9-F1E4B3FD7C07}.Debug|Any CPU.Build.0 = Debug|Any CPU
		{352D94EA-7F29-414A-9FA9-F1E4B3FD7C07}.Release|Any CPU.ActiveCfg = Release|Any CPU
		{352D94EA-7F29-414A-9FA9-F1E4B3FD7C07}.Release|Any CPU.Build.0 = Release|Any CPU
		{0D5CCE92-5398-4CEA-9F08-401902C9E881}.Debug|Any CPU.ActiveCfg = Debug|Any CPU
		{0D5CCE92-5398-4CEA-9F08-401902C9E881}.Debug|Any CPU.Build.0 = Debug|Any CPU
		{0D5CCE92-5398-4CEA-9F08-401902C9E881}.Release|Any CPU.ActiveCfg = Release|Any CPU
		{0D5CCE92-5398-4CEA-9F08-401902C9E881}.Release|Any CPU.Build.0 = Release|Any CPU
		{F9DBC037-1898-4B73-8B12-52A9EF70693B}.Debug|Any CPU.ActiveCfg = Debug|Any CPU
		{F9DBC037-1898-4B73-8B12-52A9EF70693B}.Debug|Any CPU.Build.0 = Debug|Any CPU
		{F9DBC037-1898-4B73-8B12-52A9EF70693B}.Release|Any CPU.ActiveCfg = Release|Any CPU
		{F9DBC037-1898-4B73-8B12-52A9EF70693B}.Release|Any CPU.Build.0 = Release|Any CPU
		{7EAF8EE5-B8CE-46D7-B797-224C76E7B748}.Debug|Any CPU.ActiveCfg = Debug|Any CPU
		{7EAF8EE5-B8CE-46D7-B797-224C76E7B748}.Debug|Any CPU.Build.0 = Debug|Any CPU
		{7EAF8EE5-B8CE-46D7-B797-224C76E7B748}.Release|Any CPU.ActiveCfg = Release|Any CPU
		{7EAF8EE5-B8CE-46D7-B797-224C76E7B748}.Release|Any CPU.Build.0 = Release|Any CPU
	EndGlobalSection
	GlobalSection(SolutionProperties) = preSolution
		HideSolutionNode = FALSE
	EndGlobalSection
	GlobalSection(ExtensibilityGlobals) = postSolution
		SolutionGuid = {20231D20-2FFA-4418-B435-C1C3EF389D1C}
	EndGlobalSection
EndGlobal
