
Microsoft Visual Studio Solution File, Format Version 12.00
# Visual Studio Version 16
VisualStudioVersion = 16.0.34729.46
MinimumVisualStudioVersion = 10.0.40219.1
Project("{FAE04EC0-301F-11D3-BF4B-00C04F79EFBC}") = "Task1", "Task1\Task1.csproj", "{49E2E38F-8E52-4576-9FFC-0903EE4AFCCC}"
EndProject
Project("{FAE04EC0-301F-11D3-BF4B-00C04F79EFBC}") = "Task2", "Task2\Task2.csproj", "{6E6BBD71-D613-4E05-95D3-9D0CD3309AA9}"
EndProject
Project("{FAE04EC0-301F-11D3-BF4B-00C04F79EFBC}") = "Task3", "Task3\Task3.csproj", "{9C049177-79C1-472C-A8C7-E52A2D541EB1}"
EndProject
Project("{FAE04EC0-301F-11D3-BF4B-00C04F79EFBC}") = "Task4", "Task4\Task4.csproj", "{37104706-11AC-4DBC-B5D4-6AEF1ED91872}"
EndProject
Global
	GlobalSection(SolutionConfigurationPlatforms) = preSolution
		Debug|Any CPU = Debug|Any CPU
		Release|Any CPU = Release|Any CPU
	EndGlobalSection
	GlobalSection(ProjectConfigurationPlatforms) = postSolution
		{49E2E38F-8E52-4576-9FFC-0903EE4AFCCC}.Debug|Any CPU.ActiveCfg = Debug|Any CPU
		{49E2E38F-8E52-4576-9FFC-0903EE4AFCCC}.Debug|Any CPU.Build.0 = Debug|Any CPU
		{49E2E38F-8E52-4576-9FFC-0903EE4AFCCC}.Release|Any CPU.ActiveCfg = Release|Any CPU
		{49E2E38F-8E52-4576-9FFC-0903EE4AFCCC}.Release|Any CPU.Build.0 = Release|Any CPU
		{6E6BBD71-D613-4E05-95D3-9D0CD3309AA9}.Debug|Any CPU.ActiveCfg = Debug|Any CPU
		{6E6BBD71-D613-4E05-95D3-9D0CD3309AA9}.Debug|Any CPU.Build.0 = Debug|Any CPU
		{6E6BBD71-D613-4E05-95D3-9D0CD3309AA9}.Release|Any CPU.ActiveCfg = Release|Any CPU
		{6E6BBD71-D613-4E05-95D3-9D0CD3309AA9}.Release|Any CPU.Build.0 = Release|Any CPU
		{9C049177-79C1-472C-A8C7-E52A2D541EB1}.Debug|Any CPU.ActiveCfg = Debug|Any CPU
		{9C049177-79C1-472C-A8C7-E52A2D541EB1}.Debug|Any CPU.Build.0 = Debug|Any CPU
		{9C049177-79C1-472C-A8C7-E52A2D541EB1}.Release|Any CPU.ActiveCfg = Release|Any CPU
		{9C049177-79C1-472C-A8C7-E52A2D541EB1}.Release|Any CPU.Build.0 = Release|Any CPU
		{37104706-11AC-4DBC-B5D4-6AEF1ED91872}.Debug|Any CPU.ActiveCfg = Debug|Any CPU
		{37104706-11AC-4DBC-B5D4-6AEF1ED91872}.Debug|Any CPU.Build.0 = Debug|Any CPU
		{37104706-11AC-4DBC-B5D4-6AEF1ED91872}.Release|Any CPU.ActiveCfg = Release|Any CPU
		{37104706-11AC-4DBC-B5D4-6AEF1ED91872}.Release|Any CPU.Build.0 = Release|Any CPU
	EndGlobalSection
	GlobalSection(SolutionProperties) = preSolution
		HideSolutionNode = FALSE
	EndGlobalSection
	GlobalSection(ExtensibilityGlobals) = postSolution
		SolutionGuid = {0BDA6A3E-707C-447F-A7D6-8090F6D95441}
	EndGlobalSection
EndGlobal
