
Microsoft Visual Studio Solution File, Format Version 12.00
# Visual Studio Version 17
VisualStudioVersion = 17.9.34723.18
MinimumVisualStudioVersion = 10.0.40219.1
Project("{FAE04EC0-301F-11D3-BF4B-00C04F79EFBC}") = "Task1", "Task1\Task1.csproj", "{8D22A703-0439-4CA6-8B06-D79AA3CF1D04}"
EndProject
Project("{FAE04EC0-301F-11D3-BF4B-00C04F79EFBC}") = "Task2", "Task2\Task2.csproj", "{C8B8E6A0-FE7E-436E-A9F1-B4EBC919E8C7}"
EndProject
Global
	GlobalSection(SolutionConfigurationPlatforms) = preSolution
		Debug|Any CPU = Debug|Any CPU
		Release|Any CPU = Release|Any CPU
	EndGlobalSection
	GlobalSection(ProjectConfigurationPlatforms) = postSolution
		{8D22A703-0439-4CA6-8B06-D79AA3CF1D04}.Debug|Any CPU.ActiveCfg = Debug|Any CPU
		{8D22A703-0439-4CA6-8B06-D79AA3CF1D04}.Debug|Any CPU.Build.0 = Debug|Any CPU
		{8D22A703-0439-4CA6-8B06-D79AA3CF1D04}.Release|Any CPU.ActiveCfg = Release|Any CPU
		{8D22A703-0439-4CA6-8B06-D79AA3CF1D04}.Release|Any CPU.Build.0 = Release|Any CPU
		{C8B8E6A0-FE7E-436E-A9F1-B4EBC919E8C7}.Debug|Any CPU.ActiveCfg = Debug|Any CPU
		{C8B8E6A0-FE7E-436E-A9F1-B4EBC919E8C7}.Debug|Any CPU.Build.0 = Debug|Any CPU
		{C8B8E6A0-FE7E-436E-A9F1-B4EBC919E8C7}.Release|Any CPU.ActiveCfg = Release|Any CPU
		{C8B8E6A0-FE7E-436E-A9F1-B4EBC919E8C7}.Release|Any CPU.Build.0 = Release|Any CPU
	EndGlobalSection
	GlobalSection(SolutionProperties) = preSolution
		HideSolutionNode = FALSE
	EndGlobalSection
	GlobalSection(ExtensibilityGlobals) = postSolution
		SolutionGuid = {032C380C-4E91-400B-A97B-1173B12083BA}
	EndGlobalSection
EndGlobal
