
Microsoft Visual Studio Solution File, Format Version 12.00
# Visual Studio Version 16
VisualStudioVersion = 16.0.34729.46
MinimumVisualStudioVersion = 10.0.40219.1
Project("{FAE04EC0-301F-11D3-BF4B-00C04F79EFBC}") = "Task1", "Task1\Task1.csproj", "{CEF42420-17B6-4702-BCC9-5918B7A6947D}"
EndProject
Project("{FAE04EC0-301F-11D3-BF4B-00C04F79EFBC}") = "Task2", "Task2\Task2.csproj", "{5EF51644-C814-43AB-A647-F0B268151C50}"
EndProject
Project("{FAE04EC0-301F-11D3-BF4B-00C04F79EFBC}") = "Task3", "Task3\Task3.csproj", "{401192F9-37EB-4E54-B5DA-0FE01CA70A89}"
EndProject
Project("{FAE04EC0-301F-11D3-BF4B-00C04F79EFBC}") = "Task4", "Task4\Task4.csproj", "{B04BAEE5-EF03-481A-A908-23A40DBA45BF}"
EndProject
Project("{FAE04EC0-301F-11D3-BF4B-00C04F79EFBC}") = "Task5", "Task5\Task5.csproj", "{7CC0BAE5-D7D0-46DA-9743-2CC8CD366012}"
EndProject
Project("{FAE04EC0-301F-11D3-BF4B-00C04F79EFBC}") = "Task6", "Task6\Task6.csproj", "{BFFA593B-CABD-4EFB-ABBB-A08A78D09E91}"
EndProject
Project("{FAE04EC0-301F-11D3-BF4B-00C04F79EFBC}") = "Task7", "Task7\Task7.csproj", "{49E0CEA2-BE2D-4409-AF72-531CEF140C1E}"
EndProject
Project("{FAE04EC0-301F-11D3-BF4B-00C04F79EFBC}") = "Task8", "Task8\Task8.csproj", "{AB8C21EE-ADC4-402E-83C9-8D0B97E6212D}"
EndProject
Project("{FAE04EC0-301F-11D3-BF4B-00C04F79EFBC}") = "Task9", "Task9\Task9.csproj", "{C65641D5-C3B4-45E7-A29B-06908B93B451}"
EndProject
Project("{FAE04EC0-301F-11D3-BF4B-00C04F79EFBC}") = "Task10", "Task10\Task10.csproj", "{F2C12B89-C425-4EB0-9A12-95406648E21F}"
EndProject
Project("{FAE04EC0-301F-11D3-BF4B-00C04F79EFBC}") = "Task11", "Task11\Task11.csproj", "{B1219171-74B1-4D4E-B3FA-11609262B50F}"
EndProject
Project("{FAE04EC0-301F-11D3-BF4B-00C04F79EFBC}") = "Task12", "Task12\Task12.csproj", "{FA127ABB-C620-4D59-9521-C33D1FAD2118}"
EndProject
Project("{FAE04EC0-301F-11D3-BF4B-00C04F79EFBC}") = "Task13", "Task13\Task13.csproj", "{548FD89C-029D-4E07-BCBA-1A422EFB0B96}"
EndProject
Project("{FAE04EC0-301F-11D3-BF4B-00C04F79EFBC}") = "Task14", "Task14\Task14.csproj", "{CFE0F195-9391-4C0F-80CA-8C44C73B64A6}"
EndProject
Project("{FAE04EC0-301F-11D3-BF4B-00C04F79EFBC}") = "Task15", "Task15\Task15.csproj", "{B10D2F8C-855B-4EAF-A2D2-F77E8101A202}"
EndProject
Project("{FAE04EC0-301F-11D3-BF4B-00C04F79EFBC}") = "Task16", "Task16\Task16.csproj", "{659A436F-80D9-4286-88F9-1A3F69481986}"
EndProject
Global
	GlobalSection(SolutionConfigurationPlatforms) = preSolution
		Debug|Any CPU = Debug|Any CPU
		Release|Any CPU = Release|Any CPU
	EndGlobalSection
	GlobalSection(ProjectConfigurationPlatforms) = postSolution
		{CEF42420-17B6-4702-BCC9-5918B7A6947D}.Debug|Any CPU.ActiveCfg = Debug|Any CPU
		{CEF42420-17B6-4702-BCC9-5918B7A6947D}.Debug|Any CPU.Build.0 = Debug|Any CPU
		{CEF42420-17B6-4702-BCC9-5918B7A6947D}.Release|Any CPU.ActiveCfg = Release|Any CPU
		{CEF42420-17B6-4702-BCC9-5918B7A6947D}.Release|Any CPU.Build.0 = Release|Any CPU
		{5EF51644-C814-43AB-A647-F0B268151C50}.Debug|Any CPU.ActiveCfg = Debug|Any CPU
		{5EF51644-C814-43AB-A647-F0B268151C50}.Debug|Any CPU.Build.0 = Debug|Any CPU
		{5EF51644-C814-43AB-A647-F0B268151C50}.Release|Any CPU.ActiveCfg = Release|Any CPU
		{5EF51644-C814-43AB-A647-F0B268151C50}.Release|Any CPU.Build.0 = Release|Any CPU
		{401192F9-37EB-4E54-B5DA-0FE01CA70A89}.Debug|Any CPU.ActiveCfg = Debug|Any CPU
		{401192F9-37EB-4E54-B5DA-0FE01CA70A89}.Debug|Any CPU.Build.0 = Debug|Any CPU
		{401192F9-37EB-4E54-B5DA-0FE01CA70A89}.Release|Any CPU.ActiveCfg = Release|Any CPU
		{401192F9-37EB-4E54-B5DA-0FE01CA70A89}.Release|Any CPU.Build.0 = Release|Any CPU
		{B04BAEE5-EF03-481A-A908-23A40DBA45BF}.Debug|Any CPU.ActiveCfg = Debug|Any CPU
		{B04BAEE5-EF03-481A-A908-23A40DBA45BF}.Debug|Any CPU.Build.0 = Debug|Any CPU
		{B04BAEE5-EF03-481A-A908-23A40DBA45BF}.Release|Any CPU.ActiveCfg = Release|Any CPU
		{B04BAEE5-EF03-481A-A908-23A40DBA45BF}.Release|Any CPU.Build.0 = Release|Any CPU
		{7CC0BAE5-D7D0-46DA-9743-2CC8CD366012}.Debug|Any CPU.ActiveCfg = Debug|Any CPU
		{7CC0BAE5-D7D0-46DA-9743-2CC8CD366012}.Debug|Any CPU.Build.0 = Debug|Any CPU
		{7CC0BAE5-D7D0-46DA-9743-2CC8CD366012}.Release|Any CPU.ActiveCfg = Release|Any CPU
		{7CC0BAE5-D7D0-46DA-9743-2CC8CD366012}.Release|Any CPU.Build.0 = Release|Any CPU
		{BFFA593B-CABD-4EFB-ABBB-A08A78D09E91}.Debug|Any CPU.ActiveCfg = Debug|Any CPU
		{BFFA593B-CABD-4EFB-ABBB-A08A78D09E91}.Debug|Any CPU.Build.0 = Debug|Any CPU
		{BFFA593B-CABD-4EFB-ABBB-A08A78D09E91}.Release|Any CPU.ActiveCfg = Release|Any CPU
		{BFFA593B-CABD-4EFB-ABBB-A08A78D09E91}.Release|Any CPU.Build.0 = Release|Any CPU
		{49E0CEA2-BE2D-4409-AF72-531CEF140C1E}.Debug|Any CPU.ActiveCfg = Debug|Any CPU
		{49E0CEA2-BE2D-4409-AF72-531CEF140C1E}.Debug|Any CPU.Build.0 = Debug|Any CPU
		{49E0CEA2-BE2D-4409-AF72-531CEF140C1E}.Release|Any CPU.ActiveCfg = Release|Any CPU
		{49E0CEA2-BE2D-4409-AF72-531CEF140C1E}.Release|Any CPU.Build.0 = Release|Any CPU
		{AB8C21EE-ADC4-402E-83C9-8D0B97E6212D}.Debug|Any CPU.ActiveCfg = Debug|Any CPU
		{AB8C21EE-ADC4-402E-83C9-8D0B97E6212D}.Debug|Any CPU.Build.0 = Debug|Any CPU
		{AB8C21EE-ADC4-402E-83C9-8D0B97E6212D}.Release|Any CPU.ActiveCfg = Release|Any CPU
		{AB8C21EE-ADC4-402E-83C9-8D0B97E6212D}.Release|Any CPU.Build.0 = Release|Any CPU
		{C65641D5-C3B4-45E7-A29B-06908B93B451}.Debug|Any CPU.ActiveCfg = Debug|Any CPU
		{C65641D5-C3B4-45E7-A29B-06908B93B451}.Debug|Any CPU.Build.0 = Debug|Any CPU
		{C65641D5-C3B4-45E7-A29B-06908B93B451}.Release|Any CPU.ActiveCfg = Release|Any CPU
		{C65641D5-C3B4-45E7-A29B-06908B93B451}.Release|Any CPU.Build.0 = Release|Any CPU
		{F2C12B89-C425-4EB0-9A12-95406648E21F}.Debug|Any CPU.ActiveCfg = Debug|Any CPU
		{F2C12B89-C425-4EB0-9A12-95406648E21F}.Debug|Any CPU.Build.0 = Debug|Any CPU
		{F2C12B89-C425-4EB0-9A12-95406648E21F}.Release|Any CPU.ActiveCfg = Release|Any CPU
		{F2C12B89-C425-4EB0-9A12-95406648E21F}.Release|Any CPU.Build.0 = Release|Any CPU
		{B1219171-74B1-4D4E-B3FA-11609262B50F}.Debug|Any CPU.ActiveCfg = Debug|Any CPU
		{B1219171-74B1-4D4E-B3FA-11609262B50F}.Debug|Any CPU.Build.0 = Debug|Any CPU
		{B1219171-74B1-4D4E-B3FA-11609262B50F}.Release|Any CPU.ActiveCfg = Release|Any CPU
		{B1219171-74B1-4D4E-B3FA-11609262B50F}.Release|Any CPU.Build.0 = Release|Any CPU
		{FA127ABB-C620-4D59-9521-C33D1FAD2118}.Debug|Any CPU.ActiveCfg = Debug|Any CPU
		{FA127ABB-C620-4D59-9521-C33D1FAD2118}.Debug|Any CPU.Build.0 = Debug|Any CPU
		{FA127ABB-C620-4D59-9521-C33D1FAD2118}.Release|Any CPU.ActiveCfg = Release|Any CPU
		{FA127ABB-C620-4D59-9521-C33D1FAD2118}.Release|Any CPU.Build.0 = Release|Any CPU
		{548FD89C-029D-4E07-BCBA-1A422EFB0B96}.Debug|Any CPU.ActiveCfg = Debug|Any CPU
		{548FD89C-029D-4E07-BCBA-1A422EFB0B96}.Debug|Any CPU.Build.0 = Debug|Any CPU
		{548FD89C-029D-4E07-BCBA-1A422EFB0B96}.Release|Any CPU.ActiveCfg = Release|Any CPU
		{548FD89C-029D-4E07-BCBA-1A422EFB0B96}.Release|Any CPU.Build.0 = Release|Any CPU
		{CFE0F195-9391-4C0F-80CA-8C44C73B64A6}.Debug|Any CPU.ActiveCfg = Debug|Any CPU
		{CFE0F195-9391-4C0F-80CA-8C44C73B64A6}.Debug|Any CPU.Build.0 = Debug|Any CPU
		{CFE0F195-9391-4C0F-80CA-8C44C73B64A6}.Release|Any CPU.ActiveCfg = Release|Any CPU
		{CFE0F195-9391-4C0F-80CA-8C44C73B64A6}.Release|Any CPU.Build.0 = Release|Any CPU
		{B10D2F8C-855B-4EAF-A2D2-F77E8101A202}.Debug|Any CPU.ActiveCfg = Debug|Any CPU
		{B10D2F8C-855B-4EAF-A2D2-F77E8101A202}.Debug|Any CPU.Build.0 = Debug|Any CPU
		{B10D2F8C-855B-4EAF-A2D2-F77E8101A202}.Release|Any CPU.ActiveCfg = Release|Any CPU
		{B10D2F8C-855B-4EAF-A2D2-F77E8101A202}.Release|Any CPU.Build.0 = Release|Any CPU
		{659A436F-80D9-4286-88F9-1A3F69481986}.Debug|Any CPU.ActiveCfg = Debug|Any CPU
		{659A436F-80D9-4286-88F9-1A3F69481986}.Debug|Any CPU.Build.0 = Debug|Any CPU
		{659A436F-80D9-4286-88F9-1A3F69481986}.Release|Any CPU.ActiveCfg = Release|Any CPU
		{659A436F-80D9-4286-88F9-1A3F69481986}.Release|Any CPU.Build.0 = Release|Any CPU
	EndGlobalSection
	GlobalSection(SolutionProperties) = preSolution
		HideSolutionNode = FALSE
	EndGlobalSection
	GlobalSection(ExtensibilityGlobals) = postSolution
		SolutionGuid = {7E85BF34-B737-48B1-BF2A-8118B7F121E2}
	EndGlobalSection
EndGlobal
